{
  "name": "atividade-pratica-unidade-2",
  "version": "1.0.0",
  "lockfileVersion": 1,
  "requires": true,
  "dependencies": {
    "package-atividade-pratica-unidade-2-puc-minas": {
      "version": "1.0.0",
      "resolved": "https://registry.npmjs.org/package-atividade-pratica-unidade-2-puc-minas/-/package-atividade-pratica-unidade-2-puc-minas-1.0.0.tgz",
      "integrity": "sha512-tyBWk60/8gi8LyNR7U0gYpCo9mt8UtcruYBuff8tOCw/g1RRNgX5qUqt1jtkw2tfcnWaos/FvWFPjBBiyFxzuQ=="
    }
  }
}
